
Microsoft Visual Studio Solution File, Format Version 12.00
# Visual Studio Version 17
VisualStudioVersion = 17.3.32929.385
MinimumVisualStudioVersion = 10.0.40219.1
Project("{FAE04EC0-301F-11D3-BF4B-00C04F79EFBC}") = "CleanArchitectureDemo", "CleanArchitectureDemo\CleanArchitectureDemo.csproj", "{86B7C99D-CD31-4D57-AC56-5C6CA158FD88}"
EndProject
Global
	GlobalSection(SolutionConfigurationPlatforms) = preSolution
		Debug|Any CPU = Debug|Any CPU
		Release|Any CPU = Release|Any CPU
	EndGlobalSection
	GlobalSection(ProjectConfigurationPlatforms) = postSolution
		{86B7C99D-CD31-4D57-AC56-5C6CA158FD88}.Debug|Any CPU.ActiveCfg = Debug|Any CPU
		{86B7C99D-CD31-4D57-AC56-5C6CA158FD88}.Debug|Any CPU.Build.0 = Debug|Any CPU
		{86B7C99D-CD31-4D57-AC56-5C6CA158FD88}.Release|Any CPU.ActiveCfg = Release|Any CPU
		{86B7C99D-CD31-4D57-AC56-5C6CA158FD88}.Release|Any CPU.Build.0 = Release|Any CPU
	EndGlobalSection
	GlobalSection(SolutionProperties) = preSolution
		HideSolutionNode = FALSE
	EndGlobalSection
	GlobalSection(ExtensibilityGlobals) = postSolution
		SolutionGuid = {04FC1B40-74F0-4AB7-8275-329740C5538D}
	EndGlobalSection
EndGlobal
